[{<<"cowboy">>,
  {git,"https://github.com/extend/cowboy.git",
       {ref,"3d9078018d7f0a83a359b70c698d35e35fbb94f9"}},
  0},
 {<<"cowlib">>,
  {git,"git://github.com/ninenines/cowlib.git",
       {ref,"d544a494af4dbc810fc9c15eaf5cc050cced1501"}},
  1},
 {<<"ej">>,
  {git,"git://github.com/seth/ej.git",
       {ref,"40821f7ab3d8746e8573e8542ad452d2b346ed7f"}},
  0},
 {<<"envy">>,
  {git,"git://github.com/manderson26/envy.git",
       {ref,"0148fb4b7ed0e188511578e98b42d6e7dde0ebd1"}},
  1},
 {<<"epgsql">>,
  {git,"git://github.com/chef/epgsql-1.git",
       {ref,"25d9e2f4441b63296c34da1811d8b79ed4baa444"}},
  1},
 {<<"eunit_formatters">>,
  {git,"https://github.com/seancribbs/eunit_formatters.git",
       {ref,"6818dc14fe5d90d2561b1fa8ab8aea523a900128"}},
  0},
 {<<"eunit_sugar">>,
  {git,"https://github.com/xenolinguist/eunit_sugar",
       {ref,"b7a50ce721104fa1ed6413e0613d00d015371b3a"}},
  0},
 {<<"hoax">>,
  {git,"https://github.com/xenolinguist/hoax",
       {ref,"73b87b16e1524740437a8077bcaee15083bb40d8"}},
  0},
 {<<"jiffy">>,
  {git,"https://github.com/davisp/jiffy.git",
       {ref,"1febce3ca86c5ca5d5a3618ed3d5f125bb99e4c5"}},
  0},
 {<<"mochiweb">>,{pkg,<<"mochiweb">>,<<"2.12.2">>},1},
 {<<"pooler">>,
  {git,"git://github.com/seth/pooler.git",
       {ref,"b6c522a67a1d067122705ef725535a8664dd8514"}},
  1},
 {<<"ranch">>,
  {git,"git://github.com/ninenines/ranch.git",
       {ref,"adf1822defc2b7cfdc7aca112adabfa1d614043c"}},
  1},
 {<<"sqerl">>,
  {git,"https://github.com/chef/sqerl.git",
       {ref,"2d9792ccbbe86824d47468c119e7d99733ce4546"}},
  0},
 {<<"webmachine">>,
  {git,"git://github.com/webmachine/webmachine",
       {ref,"30f2386b008b41c07fd4a0274a9846a4020a074d"}},
  0}].
